
Microsoft Visual Studio Solution File, Format Version 12.00
# Visual Studio 2012
Project("{FAE04EC0-301F-11D3-BF4B-00C04F79EFBC}") = "SignalR", "SignalR\SignalR.csproj", "{9E973AD2-643C-49B5-82BA-C0A302BEF7FF}"
EndProject
Project("{FAE04EC0-301F-11D3-BF4B-00C04F79EFBC}") = "SignalR.Tests", "SignalR.Tests\SignalR.Tests.csproj", "{CF270A25-BDD3-4CBE-AC11-1FA161BB1F46}"
EndProject
Global
	GlobalSection(SolutionConfigurationPlatforms) = preSolution
		Debug|Any CPU = Debug|Any CPU
		Release|Any CPU = Release|Any CPU
	EndGlobalSection
	GlobalSection(ProjectConfigurationPlatforms) = postSolution
		{9E973AD2-643C-49B5-82BA-C0A302BEF7FF}.Debug|Any CPU.ActiveCfg = Debug|Any CPU
		{9E973AD2-643C-49B5-82BA-C0A302BEF7FF}.Debug|Any CPU.Build.0 = Debug|Any CPU
		{9E973AD2-643C-49B5-82BA-C0A302BEF7FF}.Release|Any CPU.ActiveCfg = Release|Any CPU
		{9E973AD2-643C-49B5-82BA-C0A302BEF7FF}.Release|Any CPU.Build.0 = Release|Any CPU
		{CF270A25-BDD3-4CBE-AC11-1FA161BB1F46}.Debug|Any CPU.ActiveCfg = Debug|Any CPU
		{CF270A25-BDD3-4CBE-AC11-1FA161BB1F46}.Debug|Any CPU.Build.0 = Debug|Any CPU
		{CF270A25-BDD3-4CBE-AC11-1FA161BB1F46}.Release|Any CPU.ActiveCfg = Release|Any CPU
		{CF270A25-BDD3-4CBE-AC11-1FA161BB1F46}.Release|Any CPU.Build.0 = Release|Any CPU
	EndGlobalSection
	GlobalSection(SolutionProperties) = preSolution
		HideSolutionNode = FALSE
	EndGlobalSection
EndGlobal
